// !$*UTF8*$!
{
	archiveVersion = 1;
	classes = {
	};
	objectVersion = 46;
	objects = {

/* Begin PBXBuildFile section */
		E1CA080A1C0E4627001E52D1 /* main.m in Sources */ = {isa = PBXBuildFile; fileRef = E1CA08091C0E4627001E52D1 /* main.m */; };
		E1CA080D1C0E4627001E52D1 /* AppDelegate.m in Sources */ = {isa = PBXBuildFile; fileRef = E1CA080C1C0E4627001E52D1 /* AppDelegate.m */; };
		E1CA08101C0E4627001E52D1 /* ViewController.m in Sources */ = {isa = PBXBuildFile; fileRef = E1CA080F1C0E4627001E52D1 /* ViewController.m */; };
		E1CA08181C0E4627001E52D1 /* Assets.xcassets in Resources */ = {isa = PBXBuildFile; fileRef = E1CA08171C0E4627001E52D1 /* Assets.xcassets */; };
		E1CA081B1C0E4627001E52D1 /* LaunchScreen.storyboard in Resources */ = {isa = PBXBuildFile; fileRef = E1CA08191C0E4627001E52D1 /* LaunchScreen.storyboard */; };
		E1CA08251C0E46DD001E52D1 /* HotelsViewController.m in Sources */ = {isa = PBXBuildFile; fileRef = E1CA08241C0E46DD001E52D1 /* HotelsViewController.m */; };
		E1CA08281C0E46EA001E52D1 /* RoomsViewController.m in Sources */ = {isa = PBXBuildFile; fileRef = E1CA08271C0E46EA001E52D1 /* RoomsViewController.m */; };
		E1CA08311C0E47E1001E52D1 /* HotelManager.xcdatamodeld in Sources */ = {isa = PBXBuildFile; fileRef = E1CA082F1C0E47E1001E52D1 /* HotelManager.xcdatamodeld */; };
		E1CA08441C0E51B8001E52D1 /* Reservation+CoreDataProperties.m in Sources */ = {isa = PBXBuildFile; fileRef = E1CA08351C0E51B8001E52D1 /* Reservation+CoreDataProperties.m */; };
		E1CA08451C0E51B8001E52D1 /* Reservation.m in Sources */ = {isa = PBXBuildFile; fileRef = E1CA08371C0E51B8001E52D1 /* Reservation.m */; };
		E1CA08461C0E51B8001E52D1 /* Guest+CoreDataProperties.m in Sources */ = {isa = PBXBuildFile; fileRef = E1CA08391C0E51B8001E52D1 /* Guest+CoreDataProperties.m */; };
		E1CA08471C0E51B8001E52D1 /* Guest.m in Sources */ = {isa = PBXBuildFile; fileRef = E1CA083B1C0E51B8001E52D1 /* Guest.m */; };
		E1CA08481C0E51B8001E52D1 /* Room+CoreDataProperties.m in Sources */ = {isa = PBXBuildFile; fileRef = E1CA083D1C0E51B8001E52D1 /* Room+CoreDataProperties.m */; };
		E1CA08491C0E51B8001E52D1 /* Room.m in Sources */ = {isa = PBXBuildFile; fileRef = E1CA083F1C0E51B8001E52D1 /* Room.m */; };
		E1CA084A1C0E51B8001E52D1 /* Hotel+CoreDataProperties.m in Sources */ = {isa = PBXBuildFile; fileRef = E1CA08411C0E51B8001E52D1 /* Hotel+CoreDataProperties.m */; };
		E1CA084B1C0E51B8001E52D1 /* Hotel.m in Sources */ = {isa = PBXBuildFile; fileRef = E1CA08431C0E51B8001E52D1 /* Hotel.m */; };
/* End PBXBuildFile section */

/* Begin PBXFileReference section */
		E1CA08051C0E4627001E52D1 /* HotelManagerApp.app */ = {isa = PBXFileReference; explicitFileType = wrapper.application; includeInIndex = 0; path = HotelManagerApp.app; sourceTree = BUILT_PRODUCTS_DIR; };
		E1CA08091C0E4627001E52D1 /* main.m */ = {isa = PBXFileReference; lastKnownFileType = sourcecode.c.objc; path = main.m; sourceTree = "<group>"; };
		E1CA080B1C0E4627001E52D1 /* AppDelegate.h */ = {isa = PBXFileReference; lastKnownFileType = sourcecode.c.h; path = AppDelegate.h; sourceTree = "<group>"; };
		E1CA080C1C0E4627001E52D1 /* AppDelegate.m */ = {isa = PBXFileReference; lastKnownFileType = sourcecode.c.objc; path = AppDelegate.m; sourceTree = "<group>"; };
		E1CA080E1C0E4627001E52D1 /* ViewController.h */ = {isa = PBXFileReference; lastKnownFileType = sourcecode.c.h; path = ViewController.h; sourceTree = "<group>"; };
		E1CA080F1C0E4627001E52D1 /* ViewController.m */ = {isa = PBXFileReference; lastKnownFileType = sourcecode.c.objc; path = ViewController.m; sourceTree = "<group>"; };
		E1CA08171C0E4627001E52D1 /* Assets.xcassets */ = {isa = PBXFileReference; lastKnownFileType = folder.assetcatalog; path = Assets.xcassets; sourceTree = "<group>"; };
		E1CA081A1C0E4627001E52D1 /* Base */ = {isa = PBXFileReference; lastKnownFileType = file.storyboard; name = Base; path = Base.lproj/LaunchScreen.storyboard; sourceTree = "<group>"; };
		E1CA081C1C0E4627001E52D1 /* Info.plist */ = {isa = PBXFileReference; lastKnownFileType = text.plist.xml; path = Info.plist; sourceTree = "<group>"; };
		E1CA08231C0E46DD001E52D1 /* HotelsViewController.h */ = {isa = PBXFileReference; fileEncoding = 4; lastKnownFileType = sourcecode.c.h; path = HotelsViewController.h; sourceTree = "<group>"; };
		E1CA08241C0E46DD001E52D1 /* HotelsViewController.m */ = {isa = PBXFileReference; fileEncoding = 4; lastKnownFileType = sourcecode.c.objc; path = HotelsViewController.m; sourceTree = "<group>"; };
		E1CA08261C0E46EA001E52D1 /* RoomsViewController.h */ = {isa = PBXFileReference; fileEncoding = 4; lastKnownFileType = sourcecode.c.h; path = RoomsViewController.h; sourceTree = "<group>"; };
		E1CA08271C0E46EA001E52D1 /* RoomsViewController.m */ = {isa = PBXFileReference; fileEncoding = 4; lastKnownFileType = sourcecode.c.objc; path = RoomsViewController.m; sourceTree = "<group>"; };
		E1CA08301C0E47E1001E52D1 /* HotelManager.xcdatamodel */ = {isa = PBXFileReference; lastKnownFileType = wrapper.xcdatamodel; path = HotelManager.xcdatamodel; sourceTree = "<group>"; };
		E1CA08341C0E51B8001E52D1 /* Reservation+CoreDataProperties.h */ = {isa = PBXFileReference; fileEncoding = 4; lastKnownFileType = sourcecode.c.h; path = "Reservation+CoreDataProperties.h"; sourceTree = "<group>"; };
		E1CA08351C0E51B8001E52D1 /* Reservation+CoreDataProperties.m */ = {isa = PBXFileReference; fileEncoding = 4; lastKnownFileType = sourcecode.c.objc; path = "Reservation+CoreDataProperties.m"; sourceTree = "<group>"; };
		E1CA08361C0E51B8001E52D1 /* Reservation.h */ = {isa = PBXFileReference; fileEncoding = 4; lastKnownFileType = sourcecode.c.h; path = Reservation.h; sourceTree = "<group>"; };
		E1CA08371C0E51B8001E52D1 /* Reservation.m */ = {isa = PBXFileReference; fileEncoding = 4; lastKnownFileType = sourcecode.c.objc; path = Reservation.m; sourceTree = "<group>"; };
		E1CA08381C0E51B8001E52D1 /* Guest+CoreDataProperties.h */ = {isa = PBXFileReference; fileEncoding = 4; lastKnownFileType = sourcecode.c.h; path = "Guest+CoreDataProperties.h"; sourceTree = "<group>"; };
		E1CA08391C0E51B8001E52D1 /* Guest+CoreDataProperties.m */ = {isa = PBXFileReference; fileEncoding = 4; lastKnownFileType = sourcecode.c.objc; path = "Guest+CoreDataProperties.m"; sourceTree = "<group>"; };
		E1CA083A1C0E51B8001E52D1 /* Guest.h */ = {isa = PBXFileReference; fileEncoding = 4; lastKnownFileType = sourcecode.c.h; path = Guest.h; sourceTree = "<group>"; };
		E1CA083B1C0E51B8001E52D1 /* Guest.m */ = {isa = PBXFileReference; fileEncoding = 4; lastKnownFileType = sourcecode.c.objc; path = Guest.m; sourceTree = "<group>"; };
		E1CA083C1C0E51B8001E52D1 /* Room+CoreDataProperties.h */ = {isa = PBXFileReference; fileEncoding = 4; lastKnownFileType = sourcecode.c.h; path = "Room+CoreDataProperties.h"; sourceTree = "<group>"; };
		E1CA083D1C0E51B8001E52D1 /* Room+CoreDataProperties.m */ = {isa = PBXFileReference; fileEncoding = 4; lastKnownFileType = sourcecode.c.objc; path = "Room+CoreDataProperties.m"; sourceTree = "<group>"; };
		E1CA083E1C0E51B8001E52D1 /* Room.h */ = {isa = PBXFileReference; fileEncoding = 4; lastKnownFileType = sourcecode.c.h; path = Room.h; sourceTree = "<group>"; };
		E1CA083F1C0E51B8001E52D1 /* Room.m */ = {isa = PBXFileReference; fileEncoding = 4; lastKnownFileType = sourcecode.c.objc; path = Room.m; sourceTree = "<group>"; };
		E1CA08401C0E51B8001E52D1 /* Hotel+CoreDataProperties.h */ = {isa = PBXFileReference; fileEncoding = 4; lastKnownFileType = sourcecode.c.h; path = "Hotel+CoreDataProperties.h"; sourceTree = "<group>"; };
		E1CA08411C0E51B8001E52D1 /* Hotel+CoreDataProperties.m */ = {isa = PBXFileReference; fileEncoding = 4; lastKnownFileType = sourcecode.c.objc; path = "Hotel+CoreDataProperties.m"; sourceTree = "<group>"; };
		E1CA08421C0E51B8001E52D1 /* Hotel.h */ = {isa = PBXFileReference; fileEncoding = 4; lastKnownFileType = sourcecode.c.h; path = Hotel.h; sourceTree = "<group>"; };
		E1CA08431C0E51B8001E52D1 /* Hotel.m */ = {isa = PBXFileReference; fileEncoding = 4; lastKnownFileType = sourcecode.c.objc; path = Hotel.m; sourceTree = "<group>"; };
/* End PBXFileReference section */

/* Begin PBXFrameworksBuildPhase section */
		E1CA08021C0E4627001E52D1 /* Frameworks */ = {
			isa = PBXFrameworksBuildPhase;
			buildActionMask = 2147483647;
			files = (
			);
			runOnlyForDeploymentPostprocessing = 0;
		};
/* End PBXFrameworksBuildPhase section */

/* Begin PBXGroup section */
		E1CA07FC1C0E4627001E52D1 = {
			isa = PBXGroup;
			children = (
				E1CA08071C0E4627001E52D1 /* HotelManagerApp */,
				E1CA08061C0E4627001E52D1 /* Products */,
			);
			sourceTree = "<group>";
		};
		E1CA08061C0E4627001E52D1 /* Products */ = {
			isa = PBXGroup;
			children = (
				E1CA08051C0E4627001E52D1 /* HotelManagerApp.app */,
			);
			name = Products;
			sourceTree = "<group>";
		};
		E1CA08071C0E4627001E52D1 /* HotelManagerApp */ = {
			isa = PBXGroup;
			children = (
				E1CA080B1C0E4627001E52D1 /* AppDelegate.h */,
				E1CA080C1C0E4627001E52D1 /* AppDelegate.m */,
				E1CA08221C0E46D2001E52D1 /* Controllers */,
				E1CA08321C0E47F1001E52D1 /* View */,
				E1CA08331C0E47FF001E52D1 /* Model */,
				E1CA08081C0E4627001E52D1 /* Supporting Files */,
			);
			path = HotelManagerApp;
			sourceTree = "<group>";
		};
		E1CA08081C0E4627001E52D1 /* Supporting Files */ = {
			isa = PBXGroup;
			children = (
				E1CA081C1C0E4627001E52D1 /* Info.plist */,
				E1CA08091C0E4627001E52D1 /* main.m */,
			);
			name = "Supporting Files";
			sourceTree = "<group>";
		};
		E1CA08221C0E46D2001E52D1 /* Controllers */ = {
			isa = PBXGroup;
			children = (
				E1CA080E1C0E4627001E52D1 /* ViewController.h */,
				E1CA080F1C0E4627001E52D1 /* ViewController.m */,
				E1CA08231C0E46DD001E52D1 /* HotelsViewController.h */,
				E1CA08241C0E46DD001E52D1 /* HotelsViewController.m */,
				E1CA08261C0E46EA001E52D1 /* RoomsViewController.h */,
				E1CA08271C0E46EA001E52D1 /* RoomsViewController.m */,
			);
			name = Controllers;
			sourceTree = "<group>";
		};
		E1CA08321C0E47F1001E52D1 /* View */ = {
			isa = PBXGroup;
			children = (
				E1CA08171C0E4627001E52D1 /* Assets.xcassets */,
				E1CA08191C0E4627001E52D1 /* LaunchScreen.storyboard */,
			);
			name = View;
			sourceTree = "<group>";
		};
		E1CA08331C0E47FF001E52D1 /* Model */ = {
			isa = PBXGroup;
			children = (
				E1CA082F1C0E47E1001E52D1 /* HotelManager.xcdatamodeld */,
				E1CA084C1C0E51DD001E52D1 /* Entities */,
				E1CA08361C0E51B8001E52D1 /* Reservation.h */,
				E1CA08371C0E51B8001E52D1 /* Reservation.m */,
				E1CA083A1C0E51B8001E52D1 /* Guest.h */,
				E1CA083B1C0E51B8001E52D1 /* Guest.m */,
				E1CA083E1C0E51B8001E52D1 /* Room.h */,
				E1CA083F1C0E51B8001E52D1 /* Room.m */,
				E1CA08421C0E51B8001E52D1 /* Hotel.h */,
				E1CA08431C0E51B8001E52D1 /* Hotel.m */,
			);
			name = Model;
			sourceTree = "<group>";
		};
		E1CA084C1C0E51DD001E52D1 /* Entities */ = {
			isa = PBXGroup;
			children = (
				E1CA08341C0E51B8001E52D1 /* Reservation+CoreDataProperties.h */,
				E1CA08351C0E51B8001E52D1 /* Reservation+CoreDataProperties.m */,
				E1CA08381C0E51B8001E52D1 /* Guest+CoreDataProperties.h */,
				E1CA08391C0E51B8001E52D1 /* Guest+CoreDataProperties.m */,
				E1CA083C1C0E51B8001E52D1 /* Room+CoreDataProperties.h */,
				E1CA083D1C0E51B8001E52D1 /* Room+CoreDataProperties.m */,
				E1CA08401C0E51B8001E52D1 /* Hotel+CoreDataProperties.h */,
				E1CA08411C0E51B8001E52D1 /* Hotel+CoreDataProperties.m */,
			);
			name = Entities;
			sourceTree = "<group>";
		};
/* End PBXGroup section */

/* Begin PBXNativeTarget section */
		E1CA08041C0E4627001E52D1 /* HotelManagerApp */ = {
			isa = PBXNativeTarget;
			buildConfigurationList = E1CA081F1C0E4627001E52D1 /* Build configuration list for PBXNativeTarget "HotelManagerApp" */;
			buildPhases = (
				E1CA08011C0E4627001E52D1 /* Sources */,
				E1CA08021C0E4627001E52D1 /* Frameworks */,
				E1CA08031C0E4627001E52D1 /* Resources */,
			);
			buildRules = (
			);
			dependencies = (
			);
			name = HotelManagerApp;
			productName = HotelManagerApp;
			productReference = E1CA08051C0E4627001E52D1 /* HotelManagerApp.app */;
			productType = "com.apple.product-type.application";
		};
/* End PBXNativeTarget section */

/* Begin PBXProject section */
		E1CA07FD1C0E4627001E52D1 /* Project object */ = {
			isa = PBXProject;
			attributes = {
				LastUpgradeCheck = 0710;
				ORGANIZATIONNAME = "matthew weintrub";
				TargetAttributes = {
					E1CA08041C0E4627001E52D1 = {
						CreatedOnToolsVersion = 7.1;
						DevelopmentTeam = 663S48QXDX;
					};
				};
			};
			buildConfigurationList = E1CA08001C0E4627001E52D1 /* Build configuration list for PBXProject "HotelManagerApp" */;
			compatibilityVersion = "Xcode 3.2";
			developmentRegion = English;
			hasScannedForEncodings = 0;
			knownRegions = (
				en,
				Base,
			);
			mainGroup = E1CA07FC1C0E4627001E52D1;
			productRefGroup = E1CA08061C0E4627001E52D1 /* Products */;
			projectDirPath = "";
			projectRoot = "";
			targets = (
				E1CA08041C0E4627001E52D1 /* HotelManagerApp */,
			);
		};
/* End PBXProject section */

/* Begin PBXResourcesBuildPhase section */
		E1CA08031C0E4627001E52D1 /* Resources */ = {
			isa = PBXResourcesBuildPhase;
			buildActionMask = 2147483647;
			files = (
				E1CA081B1C0E4627001E52D1 /* LaunchScreen.storyboard in Resources */,
				E1CA08181C0E4627001E52D1 /* Assets.xcassets in Resources */,
			);
			runOnlyForDeploymentPostprocessing = 0;
		};
/* End PBXResourcesBuildPhase section */

/* Begin PBXSourcesBuildPhase section */
		E1CA08011C0E4627001E52D1 /* Sources */ = {
			isa = PBXSourcesBuildPhase;
			buildActionMask = 2147483647;
			files = (
				E1CA08251C0E46DD001E52D1 /* HotelsViewController.m in Sources */,
				E1CA08101C0E4627001E52D1 /* ViewController.m in Sources */,
				E1CA08461C0E51B8001E52D1 /* Guest+CoreDataProperties.m in Sources */,
				E1CA08481C0E51B8001E52D1 /* Room+CoreDataProperties.m in Sources */,
				E1CA08451C0E51B8001E52D1 /* Reservation.m in Sources */,
				E1CA080D1C0E4627001E52D1 /* AppDelegate.m in Sources */,
				E1CA08491C0E51B8001E52D1 /* Room.m in Sources */,
				E1CA080A1C0E4627001E52D1 /* main.m in Sources */,
				E1CA084B1C0E51B8001E52D1 /* Hotel.m in Sources */,
				E1CA08471C0E51B8001E52D1 /* Guest.m in Sources */,
				E1CA08441C0E51B8001E52D1 /* Reservation+CoreDataProperties.m in Sources */,
				E1CA08311C0E47E1001E52D1 /* HotelManager.xcdatamodeld in Sources */,
				E1CA08281C0E46EA001E52D1 /* RoomsViewController.m in Sources */,
				E1CA084A1C0E51B8001E52D1 /* Hotel+CoreDataProperties.m in Sources */,
			);
			runOnlyForDeploymentPostprocessing = 0;
		};
/* End PBXSourcesBuildPhase section */

/* Begin PBXVariantGroup section */
		E1CA08191C0E4627001E52D1 /* LaunchScreen.storyboard */ = {
			isa = PBXVariantGroup;
			children = (
				E1CA081A1C0E4627001E52D1 /* Base */,
			);
			name = LaunchScreen.storyboard;
			sourceTree = "<group>";
		};
/* End PBXVariantGroup section */

/* Begin XCBuildConfiguration section */
		E1CA081D1C0E4627001E52D1 /* Debug */ = {
			isa = XCBuildConfiguration;
			buildSettings = {
				ALWAYS_SEARCH_USER_PATHS = NO;
				CLANG_CXX_LANGUAGE_STANDARD = "gnu++0x";
				CLANG_CXX_LIBRARY = "libc++";
				CLANG_ENABLE_MODULES = YES;
				CLANG_ENABLE_OBJC_ARC = YES;
				CLANG_WARN_BOOL_CONVERSION = YES;
				CLANG_WARN_CONSTANT_CONVERSION = YES;
				CLANG_WARN_DIRECT_OBJC_ISA_USAGE = YES_ERROR;
				CLANG_WARN_EMPTY_BODY = YES;
				CLANG_WARN_ENUM_CONVERSION = YES;
				CLANG_WARN_INT_CONVERSION = YES;
				CLANG_WARN_OBJC_ROOT_CLASS = YES_ERROR;
				CLANG_WARN_UNREACHABLE_CODE = YES;
				CLANG_WARN__DUPLICATE_METHOD_MATCH = YES;
				"CODE_SIGN_IDENTITY[sdk=iphoneos*]" = "iPhone Developer";
				COPY_PHASE_STRIP = NO;
				DEBUG_INFORMATION_FORMAT = dwarf;
				ENABLE_STRICT_OBJC_MSGSEND = YES;
				ENABLE_TESTABILITY = YES;
				GCC_C_LANGUAGE_STANDARD = gnu99;
				GCC_DYNAMIC_NO_PIC = NO;
				GCC_NO_COMMON_BLOCKS = YES;
				GCC_OPTIMIZATION_LEVEL = 0;
				GCC_PREPROCESSOR_DEFINITIONS = (
					"DEBUG=1",
					"$(inherited)",
				);
				GCC_WARN_64_TO_32_BIT_CONVERSION = YES;
				GCC_WARN_ABOUT_RETURN_TYPE = YES_ERROR;
				GCC_WARN_UNDECLARED_SELECTOR = YES;
				GCC_WARN_UNINITIALIZED_AUTOS = YES_AGGRESSIVE;
				GCC_WARN_UNUSED_FUNCTION = YES;
				GCC_WARN_UNUSED_VARIABLE = YES;
				IPHONEOS_DEPLOYMENT_TARGET = 9.1;
				MTL_ENABLE_DEBUG_INFO = YES;
				ONLY_ACTIVE_ARCH = YES;
				SDKROOT = iphoneos;
			};
			name = Debug;
		};
		E1CA081E1C0E4627001E52D1 /* Release */ = {
			isa = XCBuildConfiguration;
			buildSettings = {
				ALWAYS_SEARCH_USER_PATHS = NO;
				CLANG_CXX_LANGUAGE_STANDARD = "gnu++0x";
				CLANG_CXX_LIBRARY = "libc++";
				CLANG_ENABLE_MODULES = YES;
				CLANG_ENABLE_OBJC_ARC = YES;
				CLANG_WARN_BOOL_CONVERSION = YES;
				CLANG_WARN_CONSTANT_CONVERSION = YES;
				CLANG_WARN_DIRECT_OBJC_ISA_USAGE = YES_ERROR;
				CLANG_WARN_EMPTY_BODY = YES;
				CLANG_WARN_ENUM_CONVERSION = YES;
				CLANG_WARN_INT_CONVERSION = YES;
				CLANG_WARN_OBJC_ROOT_CLASS = YES_ERROR;
				CLANG_WARN_UNREACHABLE_CODE = YES;
				CLANG_WARN__DUPLICATE_METHOD_MATCH = YES;
				"CODE_SIGN_IDENTITY[sdk=iphoneos*]" = "iPhone Developer";
				COPY_PHASE_STRIP = NO;
				DEBUG_INFORMATION_FORMAT = "dwarf-with-dsym";
				ENABLE_NS_ASSERTIONS = NO;
				ENABLE_STRICT_OBJC_MSGSEND = YES;
				GCC_C_LANGUAGE_STANDARD = gnu99;
				GCC_NO_COMMON_BLOCKS = YES;
				GCC_WARN_64_TO_32_BIT_CONVERSION = YES;
				GCC_WARN_ABOUT_RETURN_TYPE = YES_ERROR;
				GCC_WARN_UNDECLARED_SELECTOR = YES;
				GCC_WARN_UNINITIALIZED_AUTOS = YES_AGGRESSIVE;
				GCC_WARN_UNUSED_FUNCTION = YES;
				GCC_WARN_UNUSED_VARIABLE = YES;
				IPHONEOS_DEPLOYMENT_TARGET = 9.1;
				MTL_ENABLE_DEBUG_INFO = NO;
				SDKROOT = iphoneos;
				VALIDATE_PRODUCT = YES;
			};
			name = Release;
		};
		E1CA08201C0E4627001E52D1 /* Debug */ = {
			isa = XCBuildConfiguration;
			buildSettings = {
				ASSETCATALOG_COMPILER_APPICON_NAME = AppIcon;
				INFOPLIST_FILE = HotelManagerApp/Info.plist;
				LD_RUNPATH_SEARCH_PATHS = "$(inherited) @executable_path/Frameworks";
				PRODUCT_BUNDLE_IDENTIFIER = com.trub.HotelManagerApp;
				PRODUCT_NAME = "$(TARGET_NAME)";
			};
			name = Debug;
		};
		E1CA08211C0E4627001E52D1 /* Release */ = {
			isa = XCBuildConfiguration;
			buildSettings = {
				ASSETCATALOG_COMPILER_APPICON_NAME = AppIcon;
				INFOPLIST_FILE = HotelManagerApp/Info.plist;
				LD_RUNPATH_SEARCH_PATHS = "$(inherited) @executable_path/Frameworks";
				PRODUCT_BUNDLE_IDENTIFIER = com.trub.HotelManagerApp;
				PRODUCT_NAME = "$(TARGET_NAME)";
			};
			name = Release;
		};
/* End XCBuildConfiguration section */

/* Begin XCConfigurationList section */
		E1CA08001C0E4627001E52D1 /* Build configuration list for PBXProject "HotelManagerApp" */ = {
			isa = XCConfigurationList;
			buildConfigurations = (
				E1CA081D1C0E4627001E52D1 /* Debug */,
				E1CA081E1C0E4627001E52D1 /* Release */,
			);
			defaultConfigurationIsVisible = 0;
			defaultConfigurationName = Release;
		};
		E1CA081F1C0E4627001E52D1 /* Build configuration list for PBXNativeTarget "HotelManagerApp" */ = {
			isa = XCConfigurationList;
			buildConfigurations = (
				E1CA08201C0E4627001E52D1 /* Debug */,
				E1CA08211C0E4627001E52D1 /* Release */,
			);
			defaultConfigurationIsVisible = 0;
		};
/* End XCConfigurationList section */

/* Begin XCVersionGroup section */
		E1CA082F1C0E47E1001E52D1 /* HotelManager.xcdatamodeld */ = {
			isa = XCVersionGroup;
			children = (
				E1CA08301C0E47E1001E52D1 /* HotelManager.xcdatamodel */,
			);
			currentVersion = E1CA08301C0E47E1001E52D1 /* HotelManager.xcdatamodel */;
			name = HotelManager.xcdatamodeld;
			path = ../HotelManager.xcdatamodeld;
			sourceTree = "<group>";
			versionGroupType = wrapper.xcdatamodel;
		};
/* End XCVersionGroup section */
	};
	rootObject = E1CA07FD1C0E4627001E52D1 /* Project object */;
}
